// !$*UTF8*$!
{
	archiveVersion = 1;
	classes = {
	};
	objectVersion = 77;
	objects = {

/* Begin PBXBuildFile section */
		CA11AB1E000000000000000B /* NoNapHelper in Copy Helper Executable */ = {isa = PBXBuildFile; fileRef = CA11AB1E0000000000000001 /* NoNapHelper */; settings = {ATTRIBUTES = (CodeSignOnCopy, ); }; };
		CA11AB1E000000000000000C /* com.johan.NoNap.Helper.plist in Copy LaunchDaemon */ = {isa = PBXBuildFile; fileRef = CA11AB1E000000000000000D /* com.johan.NoNap.Helper.plist */; };
		CA11AB1E0000000000000013 /* NoNapShared.swift in Sources */ = {isa = PBXBuildFile; fileRef = CA11AB1E0000000000000012 /* NoNapShared.swift */; };
		CA11AB1E0000000000000014 /* NoNapShared.swift in Sources */ = {isa = PBXBuildFile; fileRef = CA11AB1E0000000000000012 /* NoNapShared.swift */; };
/* End PBXBuildFile section */

/* Begin PBXContainerItemProxy section */
		CA11AB1E0000000000000010 /* PBXContainerItemProxy */ = {
			isa = PBXContainerItemProxy;
			containerPortal = 04A01022302A3B2500E1BCD8 /* Project object */;
			proxyType = 1;
			remoteGlobalIDString = CA11AB1E0000000000000002;
			remoteInfo = NoNapHelper;
		};
/* End PBXContainerItemProxy section */

/* Begin PBXCopyFilesBuildPhase section */
		CA11AB1E0000000000000009 /* Copy Helper Executable */ = {
			isa = PBXCopyFilesBuildPhase;
			buildActionMask = 2147483647;
			dstPath = "";
			dstSubfolderSpec = 6;
			files = (
				CA11AB1E000000000000000B /* NoNapHelper in Copy Helper Executable */,
			);
			name = "Copy Helper Executable";
			runOnlyForDeploymentPostprocessing = 0;
		};
		CA11AB1E000000000000000A /* Copy LaunchDaemon */ = {
			isa = PBXCopyFilesBuildPhase;
			buildActionMask = 2147483647;
			dstPath = Contents/Library/LaunchDaemons;
			dstSubfolderSpec = 1;
			files = (
				CA11AB1E000000000000000C /* com.johan.NoNap.Helper.plist in Copy LaunchDaemon */,
			);
			name = "Copy LaunchDaemon";
			runOnlyForDeploymentPostprocessing = 0;
		};
/* End PBXCopyFilesBuildPhase section */

/* Begin PBXFileReference section */
		04A0102A302A3B2500E1BCD8 /* NoNap.app */ = {isa = PBXFileReference; explicitFileType = wrapper.application; includeInIndex = 0; path = NoNap.app; sourceTree = BUILT_PRODUCTS_DIR; };
		CA11AB1E0000000000000001 /* NoNapHelper */ = {isa = PBXFileReference; explicitFileType = "compiled.mach-o.executable"; includeInIndex = 0; path = NoNapHelper; sourceTree = BUILT_PRODUCTS_DIR; };
		CA11AB1E000000000000000D /* com.johan.NoNap.Helper.plist */ = {isa = PBXFileReference; lastKnownFileType = text.plist.xml; path = com.johan.NoNap.Helper.plist; sourceTree = "<group>"; };
		CA11AB1E0000000000000012 /* NoNapShared.swift */ = {isa = PBXFileReference; lastKnownFileType = sourcecode.swift; path = NoNapShared.swift; sourceTree = "<group>"; };
/* End PBXFileReference section */

/* Begin PBXFileSystemSynchronizedRootGroup section */
		04A0102C302A3B2500E1BCD8 /* NoNap */ = {
			isa = PBXFileSystemSynchronizedRootGroup;
			path = NoNap;
			sourceTree = "<group>";
		};
		CA11AB1E0000000000000005 /* NoNapHelper */ = {
			isa = PBXFileSystemSynchronizedRootGroup;
			path = NoNapHelper;
			sourceTree = "<group>";
		};
/* End PBXFileSystemSynchronizedRootGroup section */

/* Begin PBXFrameworksBuildPhase section */
		04A01027302A3B2500E1BCD8 /* Frameworks */ = {
			isa = PBXFrameworksBuildPhase;
			buildActionMask = 2147483647;
			files = (
			);
			runOnlyForDeploymentPostprocessing = 0;
		};
		CA11AB1E0000000000000004 /* Frameworks */ = {
			isa = PBXFrameworksBuildPhase;
			buildActionMask = 2147483647;
			files = (
			);
			runOnlyForDeploymentPostprocessing = 0;
		};
/* End PBXFrameworksBuildPhase section */

/* Begin PBXGroup section */
		04A01021302A3B2500E1BCD8 = {
			isa = PBXGroup;
			children = (
				04A0102C302A3B2500E1BCD8 /* NoNap */,
				CA11AB1E0000000000000005 /* NoNapHelper */,
				CA11AB1E0000000000000011 /* Shared */,
				CA11AB1E000000000000000E /* Resources */,
				04A0102B302A3B2500E1BCD8 /* Products */,
			);
			sourceTree = "<group>";
		};
		04A0102B302A3B2500E1BCD8 /* Products */ = {
			isa = PBXGroup;
			children = (
				04A0102A302A3B2500E1BCD8 /* NoNap.app */,
				CA11AB1E0000000000000001 /* NoNapHelper */,
			);
			name = Products;
			sourceTree = "<group>";
		};
		CA11AB1E000000000000000E /* Resources */ = {
			isa = PBXGroup;
			children = (
				CA11AB1E000000000000000D /* com.johan.NoNap.Helper.plist */,
			);
			path = Resources;
			sourceTree = "<group>";
		};
		CA11AB1E0000000000000011 /* Shared */ = {
			isa = PBXGroup;
			children = (
				CA11AB1E0000000000000012 /* NoNapShared.swift */,
			);
			path = Shared;
			sourceTree = "<group>";
		};
/* End PBXGroup section */

/* Begin PBXNativeTarget section */
		04A01029302A3B2500E1BCD8 /* NoNap */ = {
			isa = PBXNativeTarget;
			buildConfigurationList = 04A01035302A3B2700E1BCD8 /* Build configuration list for PBXNativeTarget "NoNap" */;
			buildPhases = (
				04A01026302A3B2500E1BCD8 /* Sources */,
				04A01027302A3B2500E1BCD8 /* Frameworks */,
				04A01028302A3B2500E1BCD8 /* Resources */,
				CA11AB1E0000000000000009 /* Copy Helper Executable */,
				CA11AB1E000000000000000A /* Copy LaunchDaemon */,
			);
			buildRules = (
			);
			dependencies = (
				CA11AB1E000000000000000F /* PBXTargetDependency */,
			);
			fileSystemSynchronizedGroups = (
				04A0102C302A3B2500E1BCD8 /* NoNap */,
			);
			name = NoNap;
			packageProductDependencies = (
			);
			productName = NoNap;
			productReference = 04A0102A302A3B2500E1BCD8 /* NoNap.app */;
			productType = "com.apple.product-type.application";
		};
		CA11AB1E0000000000000002 /* NoNapHelper */ = {
			isa = PBXNativeTarget;
			buildConfigurationList = CA11AB1E0000000000000006 /* Build configuration list for PBXNativeTarget "NoNapHelper" */;
			buildPhases = (
				CA11AB1E0000000000000003 /* Sources */,
				CA11AB1E0000000000000004 /* Frameworks */,
			);
			buildRules = (
			);
			dependencies = (
			);
			fileSystemSynchronizedGroups = (
				CA11AB1E0000000000000005 /* NoNapHelper */,
			);
			name = NoNapHelper;
			packageProductDependencies = (
			);
			productName = NoNapHelper;
			productReference = CA11AB1E0000000000000001 /* NoNapHelper */;
			productType = "com.apple.product-type.tool";
		};
/* End PBXNativeTarget section */

/* Begin PBXProject section */
		04A01022302A3B2500E1BCD8 /* Project object */ = {
			isa = PBXProject;
			attributes = {
				BuildIndependentTargetsInParallel = 1;
				LastSwiftUpdateCheck = 2640;
				LastUpgradeCheck = 2640;
				TargetAttributes = {
					04A01029302A3B2500E1BCD8 = {
						CreatedOnToolsVersion = 26.4.1;
					};
					CA11AB1E0000000000000002 = {
						CreatedOnToolsVersion = 26.4.1;
					};
				};
			};
			buildConfigurationList = 04A01025302A3B2500E1BCD8 /* Build configuration list for PBXProject "NoNap" */;
			developmentRegion = en;
			hasScannedForEncodings = 0;
			knownRegions = (
				en,
				Base,
			);
			mainGroup = 04A01021302A3B2500E1BCD8;
			minimizedProjectReferenceProxies = 1;
			preferredProjectObjectVersion = 77;
			productRefGroup = 04A0102B302A3B2500E1BCD8 /* Products */;
			projectDirPath = "";
			projectRoot = "";
			targets = (
				04A01029302A3B2500E1BCD8 /* NoNap */,
				CA11AB1E0000000000000002 /* NoNapHelper */,
			);
		};
/* End PBXProject section */

/* Begin PBXResourcesBuildPhase section */
		04A01028302A3B2500E1BCD8 /* Resources */ = {
			isa = PBXResourcesBuildPhase;
			buildActionMask = 2147483647;
			files = (
			);
			runOnlyForDeploymentPostprocessing = 0;
		};
/* End PBXResourcesBuildPhase section */

/* Begin PBXSourcesBuildPhase section */
		04A01026302A3B2500E1BCD8 /* Sources */ = {
			isa = PBXSourcesBuildPhase;
			buildActionMask = 2147483647;
			files = (
				CA11AB1E0000000000000013 /* NoNapShared.swift in Sources */,
			);
			runOnlyForDeploymentPostprocessing = 0;
		};
		CA11AB1E0000000000000003 /* Sources */ = {
			isa = PBXSourcesBuildPhase;
			buildActionMask = 2147483647;
			files = (
				CA11AB1E0000000000000014 /* NoNapShared.swift in Sources */,
			);
			runOnlyForDeploymentPostprocessing = 0;
		};
/* End PBXSourcesBuildPhase section */

/* Begin PBXTargetDependency section */
		CA11AB1E000000000000000F /* PBXTargetDependency */ = {
			isa = PBXTargetDependency;
			target = CA11AB1E0000000000000002 /* NoNapHelper */;
			targetProxy = CA11AB1E0000000000000010 /* PBXContainerItemProxy */;
		};
/* End PBXTargetDependency section */

/* Begin XCBuildConfiguration section */
		04A01033302A3B2700E1BCD8 /* Debug */ = {
			isa = XCBuildConfiguration;
			buildSettings = {
				ALWAYS_SEARCH_USER_PATHS = NO;
				ASSETCATALOG_COMPILER_GENERATE_SWIFT_ASSET_SYMBOL_EXTENSIONS = YES;
				CLANG_ANALYZER_NONNULL = YES;
				CLANG_ANALYZER_NUMBER_OBJECT_CONVERSION = YES_AGGRESSIVE;
				CLANG_CXX_LANGUAGE_STANDARD = "gnu++20";
				CLANG_ENABLE_MODULES = YES;
				CLANG_ENABLE_OBJC_ARC = YES;
				CLANG_ENABLE_OBJC_WEAK = YES;
				CLANG_WARN_BLOCK_CAPTURE_AUTORELEASING = YES;
				CLANG_WARN_BOOL_CONVERSION = YES;
				CLANG_WARN_COMMA = YES;
				CLANG_WARN_CONSTANT_CONVERSION = YES;
				CLANG_WARN_DEPRECATED_OBJC_IMPLEMENTATIONS = YES;
				CLANG_WARN_DIRECT_OBJC_ISA_USAGE = YES_ERROR;
				CLANG_WARN_DOCUMENTATION_COMMENTS = YES;
				CLANG_WARN_EMPTY_BODY = YES;
				CLANG_WARN_ENUM_CONVERSION = YES;
				CLANG_WARN_INFINITE_RECURSION = YES;
				CLANG_WARN_INT_CONVERSION = YES;
				CLANG_WARN_NON_LITERAL_NULL_CONVERSION = YES;
				CLANG_WARN_OBJC_IMPLICIT_RETAIN_SELF = YES;
				CLANG_WARN_OBJC_LITERAL_CONVERSION = YES;
				CLANG_WARN_OBJC_ROOT_CLASS = YES_ERROR;
				CLANG_WARN_QUOTED_INCLUDE_IN_FRAMEWORK_HEADER = YES;
				CLANG_WARN_RANGE_LOOP_ANALYSIS = YES;
				CLANG_WARN_STRICT_PROTOTYPES = YES;
				CLANG_WARN_SUSPICIOUS_MOVE = YES;
				CLANG_WARN_UNGUARDED_AVAILABILITY = YES_AGGRESSIVE;
				CLANG_WARN_UNREACHABLE_CODE = YES;
				CLANG_WARN__DUPLICATE_METHOD_MATCH = YES;
				COPY_PHASE_STRIP = NO;
				DEBUG_INFORMATION_FORMAT = dwarf;
				DEVELOPMENT_TEAM = FZL5999DHB;
				ENABLE_STRICT_OBJC_MSGSEND = YES;
				ENABLE_TESTABILITY = YES;
				ENABLE_USER_SCRIPT_SANDBOXING = YES;
				GCC_C_LANGUAGE_STANDARD = gnu17;
				GCC_DYNAMIC_NO_PIC = NO;
				GCC_NO_COMMON_BLOCKS = YES;
				GCC_OPTIMIZATION_LEVEL = 0;
				GCC_PREPROCESSOR_DEFINITIONS = (
					"DEBUG=1",
					"$(inherited)",
				);
				GCC_WARN_64_TO_32_BIT_CONVERSION = YES;
				GCC_WARN_ABOUT_RETURN_TYPE = YES_ERROR;
				GCC_WARN_UNDECLARED_SELECTOR = YES;
				GCC_WARN_UNINITIALIZED_AUTOS = YES_AGGRESSIVE;
				GCC_WARN_UNUSED_FUNCTION = YES;
				GCC_WARN_UNUSED_VARIABLE = YES;
				LOCALIZATION_PREFERS_STRING_CATALOGS = YES;
				MACOSX_DEPLOYMENT_TARGET = 14.0;
				MTL_ENABLE_DEBUG_INFO = INCLUDE_SOURCE;
				MTL_FAST_MATH = YES;
				ONLY_ACTIVE_ARCH = YES;
				SDKROOT = macosx;
				SWIFT_ACTIVE_COMPILATION_CONDITIONS = "DEBUG $(inherited)";
				SWIFT_OPTIMIZATION_LEVEL = "-Onone";
			};
			name = Debug;
		};
		04A01034302A3B2700E1BCD8 /* Release */ = {
			isa = XCBuildConfiguration;
			buildSettings = {
				ALWAYS_SEARCH_USER_PATHS = NO;
				ASSETCATALOG_COMPILER_GENERATE_SWIFT_ASSET_SYMBOL_EXTENSIONS = YES;
				CLANG_ANALYZER_NONNULL = YES;
				CLANG_ANALYZER_NUMBER_OBJECT_CONVERSION = YES_AGGRESSIVE;
				CLANG_CXX_LANGUAGE_STANDARD = "gnu++20";
				CLANG_ENABLE_MODULES = YES;
				CLANG_ENABLE_OBJC_ARC = YES;
				CLANG_ENABLE_OBJC_WEAK = YES;
				CLANG_WARN_BLOCK_CAPTURE_AUTORELEASING = YES;
				CLANG_WARN_BOOL_CONVERSION = YES;
				CLANG_WARN_COMMA = YES;
				CLANG_WARN_CONSTANT_CONVERSION = YES;
				CLANG_WARN_DEPRECATED_OBJC_IMPLEMENTATIONS = YES;
				CLANG_WARN_DIRECT_OBJC_ISA_USAGE = YES_ERROR;
				CLANG_WARN_DOCUMENTATION_COMMENTS = YES;
				CLANG_WARN_EMPTY_BODY = YES;
				CLANG_WARN_ENUM_CONVERSION = YES;
				CLANG_WARN_INFINITE_RECURSION = YES;
				CLANG_WARN_INT_CONVERSION = YES;
				CLANG_WARN_NON_LITERAL_NULL_CONVERSION = YES;
				CLANG_WARN_OBJC_IMPLICIT_RETAIN_SELF = YES;
				CLANG_WARN_OBJC_LITERAL_CONVERSION = YES;
				CLANG_WARN_OBJC_ROOT_CLASS = YES_ERROR;
				CLANG_WARN_QUOTED_INCLUDE_IN_FRAMEWORK_HEADER = YES;
				CLANG_WARN_RANGE_LOOP_ANALYSIS = YES;
				CLANG_WARN_STRICT_PROTOTYPES = YES;
				CLANG_WARN_SUSPICIOUS_MOVE = YES;
				CLANG_WARN_UNGUARDED_AVAILABILITY = YES_AGGRESSIVE;
				CLANG_WARN_UNREACHABLE_CODE = YES;
				CLANG_WARN__DUPLICATE_METHOD_MATCH = YES;
				COPY_PHASE_STRIP = NO;
				DEBUG_INFORMATION_FORMAT = "dwarf-with-dsym";
				DEVELOPMENT_TEAM = FZL5999DHB;
				ENABLE_NS_ASSERTIONS = NO;
				ENABLE_STRICT_OBJC_MSGSEND = YES;
				ENABLE_USER_SCRIPT_SANDBOXING = YES;
				GCC_C_LANGUAGE_STANDARD = gnu17;
				GCC_NO_COMMON_BLOCKS = YES;
				GCC_WARN_64_TO_32_BIT_CONVERSION = YES;
				GCC_WARN_ABOUT_RETURN_TYPE = YES_ERROR;
				GCC_WARN_UNDECLARED_SELECTOR = YES;
				GCC_WARN_UNINITIALIZED_AUTOS = YES_AGGRESSIVE;
				GCC_WARN_UNUSED_FUNCTION = YES;
				GCC_WARN_UNUSED_VARIABLE = YES;
				LOCALIZATION_PREFERS_STRING_CATALOGS = YES;
				MACOSX_DEPLOYMENT_TARGET = 14.0;
				MTL_ENABLE_DEBUG_INFO = NO;
				MTL_FAST_MATH = YES;
				SDKROOT = macosx;
				SWIFT_COMPILATION_MODE = wholemodule;
			};
			name = Release;
		};
		04A01036302A3B2700E1BCD8 /* Debug */ = {
			isa = XCBuildConfiguration;
			buildSettings = {
				ASSETCATALOG_COMPILER_APPICON_NAME = AppIcon;
				ASSETCATALOG_COMPILER_GLOBAL_ACCENT_COLOR_NAME = AccentColor;
				CODE_SIGN_STYLE = Automatic;
				COMBINE_HIDPI_IMAGES = YES;
				CURRENT_PROJECT_VERSION = 1;
				DEVELOPMENT_TEAM = FZL5999DHB;
				ENABLE_APP_SANDBOX = NO;
				ENABLE_HARDENED_RUNTIME = YES;
				ENABLE_PREVIEWS = YES;
				GENERATE_INFOPLIST_FILE = YES;
				INFOPLIST_KEY_LSUIElement = YES;
				INFOPLIST_KEY_NSHumanReadableCopyright = "";
				LD_RUNPATH_SEARCH_PATHS = (
					"$(inherited)",
					"@executable_path/../Frameworks",
				);
				MARKETING_VERSION = 1.0;
				PRODUCT_BUNDLE_IDENTIFIER = com.johan.NoNap;
				PRODUCT_NAME = "$(TARGET_NAME)";
				STRING_CATALOG_GENERATE_SYMBOLS = YES;
				SWIFT_APPROACHABLE_CONCURRENCY = YES;
				SWIFT_DEFAULT_ACTOR_ISOLATION = MainActor;
				SWIFT_EMIT_LOC_STRINGS = YES;
				SWIFT_UPCOMING_FEATURE_MEMBER_IMPORT_VISIBILITY = YES;
				SWIFT_VERSION = 5.0;
			};
			name = Debug;
		};
		04A01037302A3B2700E1BCD8 /* Release */ = {
			isa = XCBuildConfiguration;
			buildSettings = {
				ASSETCATALOG_COMPILER_APPICON_NAME = AppIcon;
				ASSETCATALOG_COMPILER_GLOBAL_ACCENT_COLOR_NAME = AccentColor;
				CODE_SIGN_STYLE = Automatic;
				COMBINE_HIDPI_IMAGES = YES;
				CURRENT_PROJECT_VERSION = 1;
				DEVELOPMENT_TEAM = FZL5999DHB;
				ENABLE_APP_SANDBOX = NO;
				ENABLE_HARDENED_RUNTIME = YES;
				ENABLE_PREVIEWS = YES;
				GENERATE_INFOPLIST_FILE = YES;
				INFOPLIST_KEY_LSUIElement = YES;
				INFOPLIST_KEY_NSHumanReadableCopyright = "";
				LD_RUNPATH_SEARCH_PATHS = (
					"$(inherited)",
					"@executable_path/../Frameworks",
				);
				MARKETING_VERSION = 1.0;
				PRODUCT_BUNDLE_IDENTIFIER = com.johan.NoNap;
				PRODUCT_NAME = "$(TARGET_NAME)";
				STRING_CATALOG_GENERATE_SYMBOLS = YES;
				SWIFT_APPROACHABLE_CONCURRENCY = YES;
				SWIFT_DEFAULT_ACTOR_ISOLATION = MainActor;
				SWIFT_EMIT_LOC_STRINGS = YES;
				SWIFT_UPCOMING_FEATURE_MEMBER_IMPORT_VISIBILITY = YES;
				SWIFT_VERSION = 5.0;
			};
			name = Release;
		};
		CA11AB1E0000000000000007 /* Debug */ = {
			isa = XCBuildConfiguration;
			buildSettings = {
				CODE_SIGN_STYLE = Automatic;
				CREATE_INFOPLIST_SECTION_IN_BINARY = YES;
				CURRENT_PROJECT_VERSION = 1;
				DEVELOPMENT_TEAM = FZL5999DHB;
				ENABLE_HARDENED_RUNTIME = YES;
				GENERATE_INFOPLIST_FILE = YES;
				MARKETING_VERSION = 1.0;
				PRODUCT_BUNDLE_IDENTIFIER = com.johan.NoNap.Helper;
				PRODUCT_NAME = "$(TARGET_NAME)";
				SKIP_INSTALL = YES;
				SWIFT_DEFAULT_ACTOR_ISOLATION = nonisolated;
				SWIFT_VERSION = 5.0;
			};
			name = Debug;
		};
		CA11AB1E0000000000000008 /* Release */ = {
			isa = XCBuildConfiguration;
			buildSettings = {
				CODE_SIGN_STYLE = Automatic;
				CREATE_INFOPLIST_SECTION_IN_BINARY = YES;
				CURRENT_PROJECT_VERSION = 1;
				DEVELOPMENT_TEAM = FZL5999DHB;
				ENABLE_HARDENED_RUNTIME = YES;
				GENERATE_INFOPLIST_FILE = YES;
				MARKETING_VERSION = 1.0;
				PRODUCT_BUNDLE_IDENTIFIER = com.johan.NoNap.Helper;
				PRODUCT_NAME = "$(TARGET_NAME)";
				SKIP_INSTALL = YES;
				SWIFT_DEFAULT_ACTOR_ISOLATION = nonisolated;
				SWIFT_VERSION = 5.0;
			};
			name = Release;
		};
/* End XCBuildConfiguration section */

/* Begin XCConfigurationList section */
		04A01025302A3B2500E1BCD8 /* Build configuration list for PBXProject "NoNap" */ = {
			isa = XCConfigurationList;
			buildConfigurations = (
				04A01033302A3B2700E1BCD8 /* Debug */,
				04A01034302A3B2700E1BCD8 /* Release */,
			);
			defaultConfigurationIsVisible = 0;
			defaultConfigurationName = Release;
		};
		04A01035302A3B2700E1BCD8 /* Build configuration list for PBXNativeTarget "NoNap" */ = {
			isa = XCConfigurationList;
			buildConfigurations = (
				04A01036302A3B2700E1BCD8 /* Debug */,
				04A01037302A3B2700E1BCD8 /* Release */,
			);
			defaultConfigurationIsVisible = 0;
			defaultConfigurationName = Release;
		};
		CA11AB1E0000000000000006 /* Build configuration list for PBXNativeTarget "NoNapHelper" */ = {
			isa = XCConfigurationList;
			buildConfigurations = (
				CA11AB1E0000000000000007 /* Debug */,
				CA11AB1E0000000000000008 /* Release */,
			);
			defaultConfigurationIsVisible = 0;
			defaultConfigurationName = Release;
		};
/* End XCConfigurationList section */
	};
	rootObject = 04A01022302A3B2500E1BCD8 /* Project object */;
}
